
Microsoft Visual Studio Solution File, Format Version 12.00
# Visual Studio Version 17
VisualStudioVersion = 17.11.35222.181
MinimumVisualStudioVersion = 10.0.40219.1
Project("{8BC9CEB8-8B4A-11D0-8D11-00A0C91BC942}") = "BloodDiner", "BloodDiner.vcxproj", "{9C19EA7A-9E06-411A-8D8E-84163E8DB4F5}"
EndProject
Global
	GlobalSection(SolutionConfigurationPlatforms) = preSolution
		Debug|x64 = Debug|x64
		Debug|x86 = Debug|x86
		Release|x64 = Release|x64
		Release|x86 = Release|x86
	EndGlobalSection
	GlobalSection(ProjectConfigurationPlatforms) = postSolution
		{9C19EA7A-9E06-411A-8D8E-84163E8DB4F5}.Debug|x64.ActiveCfg = Debug|x64
		{9C19EA7A-9E06-411A-8D8E-84163E8DB4F5}.Debug|x64.Build.0 = Debug|x64
		{9C19EA7A-9E06-411A-8D8E-84163E8DB4F5}.Debug|x86.ActiveCfg = Debug|Win32
		{9C19EA7A-9E06-411A-8D8E-84163E8DB4F5}.Debug|x86.Build.0 = Debug|Win32
		{9C19EA7A-9E06-411A-8D8E-84163E8DB4F5}.Release|x64.ActiveCfg = Release|x64
		{9C19EA7A-9E06-411A-8D8E-84163E8DB4F5}.Release|x64.Build.0 = Release|x64
		{9C19EA7A-9E06-411A-8D8E-84163E8DB4F5}.Release|x86.ActiveCfg = Release|Win32
		{9C19EA7A-9E06-411A-8D8E-84163E8DB4F5}.Release|x86.Build.0 = Release|Win32
	EndGlobalSection
	GlobalSection(SolutionProperties) = preSolution
		HideSolutionNode = FALSE
	EndGlobalSection
	GlobalSection(ExtensibilityGlobals) = postSolution
		SolutionGuid = {CEF7453F-EEBA-4FEF-B13F-D5F5B42EF1D8}
	EndGlobalSection
EndGlobal
