<?xml version="1.0" encoding="utf-8"?>
<Project ToolsVersion="4.0" xmlns="http://schemas.microsoft.com/developer/msbuild/2003">
  <ItemGroup>
    <Filter Include="Source Files">
      <UniqueIdentifier>{4FC737F1-C7A5-4376-A066-2A32D752A2FF}</UniqueIdentifier>
      <Extensions>cpp;c;cc;cxx;c++;cppm;ixx;def;odl;idl;hpj;bat;asm;asmx</Extensions>
    </Filter>
    <Filter Include="Header Files">
      <UniqueIdentifier>{93995380-89BD-4b04-88EB-625FBE52EBFB}</UniqueIdentifier>
      <Extensions>h;hh;hpp;hxx;h++;hm;inl;inc;ipp;xsd</Extensions>
    </Filter>
    <Filter Include="Resource Files">
      <UniqueIdentifier>{67DA6AB6-F800-4c08-8B7A-83BB121AAD01}</UniqueIdentifier>
      <Extensions>rc;ico;cur;bmp;dlg;rc2;rct;bin;rgs;gif;jpg;jpeg;jpe;resx;tiff;tif;png;wav;mfcribbon-ms</Extensions>
    </Filter>
  </ItemGroup>
  <ItemGroup>
    <ClCompile Include="CustomerEntity.cpp">
      <Filter>Source Files</Filter>
    </ClCompile>
    <ClCompile Include="Table.cpp">
      <Filter>Source Files</Filter>
    </ClCompile>
    <ClCompile Include="WaitingArea.cpp">
      <Filter>Source Files</Filter>
    </ClCompile>
    <ClCompile Include="ServingHatch.cpp">
      <Filter>Source Files</Filter>
    </ClCompile>
    <ClCompile Include="Food.cpp">
      <Filter>Source Files</Filter>
    </ClCompile>
    <ClCompile Include="VIPCustomer.cpp">
      <Filter>Source Files</Filter>
    </ClCompile>
    <ClCompile Include="PrincessCustomer.cpp">
      <Filter>Source Files</Filter>
    </ClCompile>
    <ClCompile Include="SeniorCustomer.cpp">
      <Filter>Source Files</Filter>
    </ClCompile>
    <ClCompile Include="Player.cpp">
      <Filter>Source Files</Filter>
    </ClCompile>
    <ClCompile Include="Restaurant.cpp">
      <Filter>Source Files</Filter>
    </ClCompile>
    <ClCompile Include="Main.cpp">
      <Filter>Source Files</Filter>
    </ClCompile>
    <ClCompile Include="Enemy.cpp">
      <Filter>Source Files</Filter>
    </ClCompile>
    <ClCompile Include="RestaurantManager.cpp">
      <Filter>Source Files</Filter>
    </ClCompile>
    <ClCompile Include="StepTile.cpp">
      <Filter>Source Files</Filter>
    </ClCompile>
    <ClCompile Include="StoryIterator1D.cpp">
      <Filter>Source Files</Filter>
    </ClCompile>
    <ClCompile Include="Storyline.cpp">
      <Filter>Source Files</Filter>
    </ClCompile>
    <ClCompile Include="AudioManager.cpp">
      <Filter>Source Files</Filter>
    </ClCompile>
    <ClCompile Include="MusicList.cpp">
      <Filter>Source Files</Filter>
    </ClCompile>
    <ClCompile Include="Queue.cpp">
      <Filter>Source Files</Filter>
    </ClCompile>
    <ClCompile Include="Report.cpp">
      <Filter>Source Files</Filter>
    </ClCompile>
    <ClCompile Include="Shop.cpp">
      <Filter>Source Files</Filter>
    </ClCompile>
    <ClCompile Include="ItemList.cpp">
      <Filter>Source Files</Filter>
    </ClCompile>
    <ClCompile Include="Stack.cpp">
      <Filter>Source Files</Filter>
    </ClCompile>
    <ClCompile Include="Boots.cpp">
      <Filter>Source Files</Filter>
    </ClCompile>
    <ClCompile Include="ShopItem.cpp">
      <Filter>Source Files</Filter>
    </ClCompile>
    <ClCompile Include="FortuneCat.cpp">
      <Filter>Source Files</Filter>
    </ClCompile>
    <ClCompile Include="Butter.cpp">
      <Filter>Source Files</Filter>
    </ClCompile>
    <ClCompile Include="CardList.cpp">
      <Filter>Source Files</Filter>
    </ClCompile>
    <ClCompile Include="Pearls.cpp">
      <Filter>Source Files</Filter>
    </ClCompile>
    <ClCompile Include="Cigarettes.cpp">
      <Filter>Source Files</Filter>
    </ClCompile>
    <ClCompile Include="WaterBottle.cpp">
      <Filter>Source Files</Filter>
    </ClCompile>
    <ClCompile Include="ReputationBoostingKit.cpp">
      <Filter>Source Files</Filter>
    </ClCompile>
    <ClCompile Include="SpeedBoostingKit.cpp">
      <Filter>Source Files</Filter>
    </ClCompile>
    <ClCompile Include="ItemTree.cpp">
      <Filter>Source Files</Filter>
    </ClCompile>
    <ClCompile Include="FortunePig.cpp">
      <Filter>Source Files</Filter>
    </ClCompile>
    <ClCompile Include="HashTable.cpp">
      <Filter>Source Files</Filter>
    </ClCompile>
    <ClCompile Include="Heels.cpp">
      <Filter>Source Files</Filter>
    </ClCompile>
    <ClCompile Include="Axolotl.cpp">
      <Filter>Source Files</Filter>
    </ClCompile>
    <ClCompile Include="FortuneMask.cpp">
      <Filter>Source Files</Filter>
    </ClCompile>
    <ClCompile Include="ScrapList.cpp">
      <Filter>Source Files</Filter>
    </ClCompile>
    <ClCompile Include="Scrap.cpp">
      <Filter>Source Files</Filter>
    </ClCompile>
  </ItemGroup>
  <ItemGroup>
    <ClInclude Include="CustomerEntity.h">
      <Filter>Header Files</Filter>
    </ClInclude>
    <ClInclude Include="Table.h">
      <Filter>Header Files</Filter>
    </ClInclude>
    <ClInclude Include="WaitingArea.h">
      <Filter>Header Files</Filter>
    </ClInclude>
    <ClInclude Include="ServingHatch.h">
      <Filter>Header Files</Filter>
    </ClInclude>
    <ClInclude Include="Food.h">
      <Filter>Header Files</Filter>
    </ClInclude>
    <ClInclude Include="VIPCustomer.h">
      <Filter>Header Files</Filter>
    </ClInclude>
    <ClInclude Include="PrincessCustomer.h">
      <Filter>Header Files</Filter>
    </ClInclude>
    <ClInclude Include="SeniorCustomer.h">
      <Filter>Header Files</Filter>
    </ClInclude>
    <ClInclude Include="Player.h">
      <Filter>Header Files</Filter>
    </ClInclude>
    <ClInclude Include="Restaurant.h">
      <Filter>Header Files</Filter>
    </ClInclude>
    <ClInclude Include="Enemy.h">
      <Filter>Header Files</Filter>
    </ClInclude>
    <ClInclude Include="RestaurantManager.h">
      <Filter>Header Files</Filter>
    </ClInclude>
    <ClInclude Include="StepTile.h">
      <Filter>Header Files</Filter>
    </ClInclude>
    <ClInclude Include="StoryIterator1D.h">
      <Filter>Header Files</Filter>
    </ClInclude>
    <ClInclude Include="Storyline.h">
      <Filter>Header Files</Filter>
    </ClInclude>
    <ClInclude Include="AudioManager.h">
      <Filter>Header Files</Filter>
    </ClInclude>
    <ClInclude Include="MusicList.h">
      <Filter>Header Files</Filter>
    </ClInclude>
    <ClInclude Include="Queue.h">
      <Filter>Header Files</Filter>
    </ClInclude>
    <ClInclude Include="Report.h">
      <Filter>Header Files</Filter>
    </ClInclude>
    <ClInclude Include="Shop.h">
      <Filter>Header Files</Filter>
    </ClInclude>
    <ClInclude Include="ItemList.h">
      <Filter>Header Files</Filter>
    </ClInclude>
    <ClInclude Include="Stack.h">
      <Filter>Header Files</Filter>
    </ClInclude>
    <ClInclude Include="Boots.h">
      <Filter>Header Files</Filter>
    </ClInclude>
    <ClInclude Include="ShopItem.h">
      <Filter>Header Files</Filter>
    </ClInclude>
    <ClInclude Include="FortuneCat.h">
      <Filter>Header Files</Filter>
    </ClInclude>
    <ClInclude Include="Butter.h">
      <Filter>Header Files</Filter>
    </ClInclude>
    <ClInclude Include="CardList.h">
      <Filter>Header Files</Filter>
    </ClInclude>
    <ClInclude Include="Pearls.h">
      <Filter>Header Files</Filter>
    </ClInclude>
    <ClInclude Include="Cigarettes.h">
      <Filter>Header Files</Filter>
    </ClInclude>
    <ClInclude Include="WaterBottle.h">
      <Filter>Header Files</Filter>
    </ClInclude>
    <ClInclude Include="ReputationBoostingKit.h">
      <Filter>Header Files</Filter>
    </ClInclude>
    <ClInclude Include="SpeedBoostingKit.h">
      <Filter>Header Files</Filter>
    </ClInclude>
    <ClInclude Include="ItemTree.h">
      <Filter>Header Files</Filter>
    </ClInclude>
    <ClInclude Include="FortunePig.h">
      <Filter>Header Files</Filter>
    </ClInclude>
    <ClInclude Include="HashTable.h">
      <Filter>Header Files</Filter>
    </ClInclude>
    <ClInclude Include="Heels.h">
      <Filter>Header Files</Filter>
    </ClInclude>
    <ClInclude Include="Axolotl.h">
      <Filter>Header Files</Filter>
    </ClInclude>
    <ClInclude Include="FortuneMask.h">
      <Filter>Header Files</Filter>
    </ClInclude>
    <ClInclude Include="ScrapList.h">
      <Filter>Header Files</Filter>
    </ClInclude>
    <ClInclude Include="Scrap.h">
      <Filter>Header Files</Filter>
    </ClInclude>
  </ItemGroup>
</Project>